
Microsoft Visual Studio Solution File, Format Version 12.00
# Visual Studio 15
VisualStudioVersion = 15.0.28307.902
MinimumVisualStudioVersion = 10.0.40219.1
Project("{FAE04EC0-301F-11D3-BF4B-00C04F79EFBC}") = "Client", "Client\Client.csproj", "{62647C16-C50D-4AB4-93FB-BC810E23D667}"
EndProject
Project("{FAE04EC0-301F-11D3-BF4B-00C04F79EFBC}") = "TcpListenerService", "TcpListenerService\TcpListenerService.csproj", "{A37C9915-84A8-4235-8E22-C9977A634BC7}"
EndProject
Global
	GlobalSection(SolutionConfigurationPlatforms) = preSolution
		Debug|Any CPU = Debug|Any CPU
		Release|Any CPU = Release|Any CPU
	EndGlobalSection
	GlobalSection(ProjectConfigurationPlatforms) = postSolution
		{62647C16-C50D-4AB4-93FB-BC810E23D667}.Debug|Any CPU.ActiveCfg = Debug|Any CPU
		{62647C16-C50D-4AB4-93FB-BC810E23D667}.Debug|Any CPU.Build.0 = Debug|Any CPU
		{62647C16-C50D-4AB4-93FB-BC810E23D667}.Release|Any CPU.ActiveCfg = Release|Any CPU
		{62647C16-C50D-4AB4-93FB-BC810E23D667}.Release|Any CPU.Build.0 = Release|Any CPU
		{A37C9915-84A8-4235-8E22-C9977A634BC7}.Debug|Any CPU.ActiveCfg = Debug|Any CPU
		{A37C9915-84A8-4235-8E22-C9977A634BC7}.Debug|Any CPU.Build.0 = Debug|Any CPU
		{A37C9915-84A8-4235-8E22-C9977A634BC7}.Release|Any CPU.ActiveCfg = Release|Any CPU
		{A37C9915-84A8-4235-8E22-C9977A634BC7}.Release|Any CPU.Build.0 = Release|Any CPU
	EndGlobalSection
	GlobalSection(SolutionProperties) = preSolution
		HideSolutionNode = FALSE
	EndGlobalSection
	GlobalSection(ExtensibilityGlobals) = postSolution
		SolutionGuid = {9A9EFDC6-931D-48F9-ACD9-088507011491}
	EndGlobalSection
EndGlobal
